// !$*UTF8*$!
{
	archiveVersion = 1;
	classes = {
	};
	objectVersion = 50;
	objects = {

/* Begin PBXBuildFile section */
		4A313F202323FD2200967092 /* Localizable.strings in Resources */ = {isa = PBXBuildFile; fileRef = 4A313F222323FD2200967092 /* Localizable.strings */; };
		4A313F29232401A800967092 /* CatalogueViewControllerTests.swift in Sources */ = {isa = PBXBuildFile; fileRef = 4A313F28232401A800967092 /* CatalogueViewControllerTests.swift */; };
		4A313F2B2324096200967092 /* Storage.swift in Sources */ = {isa = PBXBuildFile; fileRef = 4A313F2A2324096200967092 /* Storage.swift */; };
		4A313F2F23240D1400967092 /* MockStorage.swift in Sources */ = {isa = PBXBuildFile; fileRef = 4A313F2E23240D1400967092 /* MockStorage.swift */; };
		4A4D16442325157A000D0201 /* CataloueViewModelTests.swift in Sources */ = {isa = PBXBuildFile; fileRef = 4A4D16432325157A000D0201 /* CataloueViewModelTests.swift */; };
		4A4D169E232516F1000D0201 /* DependenciesHelper.swift in Sources */ = {isa = PBXBuildFile; fileRef = 4A4D169D232516F1000D0201 /* DependenciesHelper.swift */; };
		4A4D16A123251704000D0201 /* MockActionDelegate.swift in Sources */ = {isa = PBXBuildFile; fileRef = 4A4D16A023251704000D0201 /* MockActionDelegate.swift */; };
		4A4D16A623251871000D0201 /* validCatalogueItems.json in Resources */ = {isa = PBXBuildFile; fileRef = 4A4D16A523251871000D0201 /* validCatalogueItems.json */; };
		4A4D16A823251871000D0201 /* TestBundle.swift in Sources */ = {isa = PBXBuildFile; fileRef = 4A4D16A723251871000D0201 /* TestBundle.swift */; };
		4A4D16AA23251871000D0201 /* Dispatching.swift in Sources */ = {isa = PBXBuildFile; fileRef = 4A4D16A923251871000D0201 /* Dispatching.swift */; };
		4A4D16AC23251871000D0201 /* MockDispatcher.swift in Sources */ = {isa = PBXBuildFile; fileRef = 4A4D16AB23251871000D0201 /* MockDispatcher.swift */; };
		4A4D16AE23251871000D0201 /* main.swift in Sources */ = {isa = PBXBuildFile; fileRef = 4A4D16AD23251871000D0201 /* main.swift */; };
		4A4D16B023251871000D0201 /* TestAppDelegate.swift in Sources */ = {isa = PBXBuildFile; fileRef = 4A4D16AF23251871000D0201 /* TestAppDelegate.swift */; };
		4AA12AEE2323DF0E00FC85AF /* MockURLSession.swift in Sources */ = {isa = PBXBuildFile; fileRef = 4AA12AED2323DF0E00FC85AF /* MockURLSession.swift */; };
		4ACA71B5232252CD001E8D44 /* AppDelegate.swift in Sources */ = {isa = PBXBuildFile; fileRef = 4ACA71B4232252CD001E8D44 /* AppDelegate.swift */; };
		4ACA71B7232252CD001E8D44 /* CatalogueViewController.swift in Sources */ = {isa = PBXBuildFile; fileRef = 4ACA71B6232252CD001E8D44 /* CatalogueViewController.swift */; };
		4ACA71BA232252CD001E8D44 /* Main.storyboard in Resources */ = {isa = PBXBuildFile; fileRef = 4ACA71B8232252CD001E8D44 /* Main.storyboard */; };
		4ACA71BC232252CE001E8D44 /* Assets.xcassets in Resources */ = {isa = PBXBuildFile; fileRef = 4ACA71BB232252CE001E8D44 /* Assets.xcassets */; };
		4ACA71BF232252CE001E8D44 /* LaunchScreen.storyboard in Resources */ = {isa = PBXBuildFile; fileRef = 4ACA71BD232252CE001E8D44 /* LaunchScreen.storyboard */; };
		4ACA71D82322625D001E8D44 /* CatalogueViewModel.swift in Sources */ = {isa = PBXBuildFile; fileRef = 4ACA71D72322625D001E8D44 /* CatalogueViewModel.swift */; };
		4ACA71DB23226277001E8D44 /* ViewModel.swift in Sources */ = {isa = PBXBuildFile; fileRef = 4ACA71DA23226277001E8D44 /* ViewModel.swift */; };
		4ACA71DE2322628F001E8D44 /* Dependencies.swift in Sources */ = {isa = PBXBuildFile; fileRef = 4ACA71DD2322628F001E8D44 /* Dependencies.swift */; };
		4ACA71E123226454001E8D44 /* CatalogueItem.swift in Sources */ = {isa = PBXBuildFile; fileRef = 4ACA71E023226454001E8D44 /* CatalogueItem.swift */; };
		4ACA71E42322661A001E8D44 /* ActionDelegate.swift in Sources */ = {isa = PBXBuildFile; fileRef = 4ACA71E32322661A001E8D44 /* ActionDelegate.swift */; };
		4ACA71E623226674001E8D44 /* NetworkLayer.swift in Sources */ = {isa = PBXBuildFile; fileRef = 4ACA71E523226674001E8D44 /* NetworkLayer.swift */; };
		4ACA71E9232267DE001E8D44 /* Coding.swift in Sources */ = {isa = PBXBuildFile; fileRef = 4ACA71E8232267DE001E8D44 /* Coding.swift */; };
		4ACA72422322847D001E8D44 /* StringExtensions.swift in Sources */ = {isa = PBXBuildFile; fileRef = 4ACA72412322847D001E8D44 /* StringExtensions.swift */; };
		4ACA724523229827001E8D44 /* StringExtensionsTests.swift in Sources */ = {isa = PBXBuildFile; fileRef = 4ACA724423229827001E8D44 /* StringExtensionsTests.swift */; };
		4ACA72482322A938001E8D44 /* CatalogueCollectionViewCell.swift in Sources */ = {isa = PBXBuildFile; fileRef = 4ACA72472322A938001E8D44 /* CatalogueCollectionViewCell.swift */; };
		4ACA724A2322A959001E8D44 /* UICollectionViewExtensions.swift in Sources */ = {isa = PBXBuildFile; fileRef = 4ACA72492322A959001E8D44 /* UICollectionViewExtensions.swift */; };
		4ACA72A32322AA26001E8D44 /* CatalogueCollectionViewCell.xib in Resources */ = {isa = PBXBuildFile; fileRef = 4ACA72A22322AA26001E8D44 /* CatalogueCollectionViewCell.xib */; };
/* End PBXBuildFile section */

/* Begin PBXContainerItemProxy section */
		4ACA71C6232252CE001E8D44 /* PBXContainerItemProxy */ = {
			isa = PBXContainerItemProxy;
			containerPortal = 4ACA71A9232252CD001E8D44 /* Project object */;
			proxyType = 1;
			remoteGlobalIDString = 4ACA71B0232252CD001E8D44;
			remoteInfo = Yoox;
		};
/* End PBXContainerItemProxy section */

/* Begin PBXFileReference section */
		4A313EB92323EC9F00967092 /* de */ = {isa = PBXFileReference; lastKnownFileType = text.plist.strings; name = de; path = de.lproj/LaunchScreen.strings; sourceTree = "<group>"; };
		4A313EBA2323EC9F00967092 /* de */ = {isa = PBXFileReference; lastKnownFileType = text.plist.strings; name = de; path = de.lproj/Main.strings; sourceTree = "<group>"; };
		4A313F252323FD9300967092 /* de */ = {isa = PBXFileReference; lastKnownFileType = text.plist.strings; name = de; path = de.lproj/Localizable.strings; sourceTree = "<group>"; };
		4A313F272323FDB900967092 /* en */ = {isa = PBXFileReference; lastKnownFileType = text.plist.strings; name = en; path = en.lproj/Localizable.strings; sourceTree = "<group>"; };
		4A313F28232401A800967092 /* CatalogueViewControllerTests.swift */ = {isa = PBXFileReference; lastKnownFileType = sourcecode.swift; path = CatalogueViewControllerTests.swift; sourceTree = "<group>"; };
		4A313F2A2324096200967092 /* Storage.swift */ = {isa = PBXFileReference; lastKnownFileType = sourcecode.swift; path = Storage.swift; sourceTree = "<group>"; };
		4A313F2E23240D1400967092 /* MockStorage.swift */ = {isa = PBXFileReference; lastKnownFileType = sourcecode.swift; path = MockStorage.swift; sourceTree = "<group>"; };
		4A4D16432325157A000D0201 /* CataloueViewModelTests.swift */ = {isa = PBXFileReference; lastKnownFileType = sourcecode.swift; path = CataloueViewModelTests.swift; sourceTree = "<group>"; };
		4A4D169D232516F1000D0201 /* DependenciesHelper.swift */ = {isa = PBXFileReference; lastKnownFileType = sourcecode.swift; path = DependenciesHelper.swift; sourceTree = "<group>"; };
		4A4D16A023251704000D0201 /* MockActionDelegate.swift */ = {isa = PBXFileReference; lastKnownFileType = sourcecode.swift; path = MockActionDelegate.swift; sourceTree = "<group>"; };
		4A4D16A523251871000D0201 /* validCatalogueItems.json */ = {isa = PBXFileReference; lastKnownFileType = text.json; path = validCatalogueItems.json; sourceTree = "<group>"; };
		4A4D16A723251871000D0201 /* TestBundle.swift */ = {isa = PBXFileReference; lastKnownFileType = sourcecode.swift; path = TestBundle.swift; sourceTree = "<group>"; };
		4A4D16A923251871000D0201 /* Dispatching.swift */ = {isa = PBXFileReference; lastKnownFileType = sourcecode.swift; path = Dispatching.swift; sourceTree = "<group>"; };
		4A4D16AB23251871000D0201 /* MockDispatcher.swift */ = {isa = PBXFileReference; lastKnownFileType = sourcecode.swift; path = MockDispatcher.swift; sourceTree = "<group>"; };
		4A4D16AD23251871000D0201 /* main.swift */ = {isa = PBXFileReference; lastKnownFileType = sourcecode.swift; path = main.swift; sourceTree = "<group>"; };
		4A4D16AF23251871000D0201 /* TestAppDelegate.swift */ = {isa = PBXFileReference; lastKnownFileType = sourcecode.swift; path = TestAppDelegate.swift; sourceTree = "<group>"; };
		4AA12AED2323DF0E00FC85AF /* MockURLSession.swift */ = {isa = PBXFileReference; lastKnownFileType = sourcecode.swift; path = MockURLSession.swift; sourceTree = "<group>"; };
		4ACA71B1232252CD001E8D44 /* Yoox.app */ = {isa = PBXFileReference; explicitFileType = wrapper.application; includeInIndex = 0; path = Yoox.app; sourceTree = BUILT_PRODUCTS_DIR; };
		4ACA71B4232252CD001E8D44 /* AppDelegate.swift */ = {isa = PBXFileReference; lastKnownFileType = sourcecode.swift; path = AppDelegate.swift; sourceTree = "<group>"; };
		4ACA71B6232252CD001E8D44 /* CatalogueViewController.swift */ = {isa = PBXFileReference; lastKnownFileType = sourcecode.swift; path = CatalogueViewController.swift; sourceTree = "<group>"; };
		4ACA71B9232252CD001E8D44 /* Base */ = {isa = PBXFileReference; lastKnownFileType = file.storyboard; name = Base; path = Base.lproj/Main.storyboard; sourceTree = "<group>"; };
		4ACA71BB232252CE001E8D44 /* Assets.xcassets */ = {isa = PBXFileReference; lastKnownFileType = folder.assetcatalog; path = Assets.xcassets; sourceTree = "<group>"; };
		4ACA71BE232252CE001E8D44 /* Base */ = {isa = PBXFileReference; lastKnownFileType = file.storyboard; name = Base; path = Base.lproj/LaunchScreen.storyboard; sourceTree = "<group>"; };
		4ACA71C0232252CE001E8D44 /* Info.plist */ = {isa = PBXFileReference; lastKnownFileType = text.plist.xml; path = Info.plist; sourceTree = "<group>"; };
		4ACA71C5232252CE001E8D44 /* YooxTests.xctest */ = {isa = PBXFileReference; explicitFileType = wrapper.cfbundle; includeInIndex = 0; path = YooxTests.xctest; sourceTree = BUILT_PRODUCTS_DIR; };
		4ACA71CB232252CE001E8D44 /* Info.plist */ = {isa = PBXFileReference; lastKnownFileType = text.plist.xml; path = Info.plist; sourceTree = "<group>"; };
		4ACA71D72322625D001E8D44 /* CatalogueViewModel.swift */ = {isa = PBXFileReference; lastKnownFileType = sourcecode.swift; path = CatalogueViewModel.swift; sourceTree = "<group>"; };
		4ACA71DA23226277001E8D44 /* ViewModel.swift */ = {isa = PBXFileReference; lastKnownFileType = sourcecode.swift; path = ViewModel.swift; sourceTree = "<group>"; };
		4ACA71DD2322628F001E8D44 /* Dependencies.swift */ = {isa = PBXFileReference; lastKnownFileType = sourcecode.swift; path = Dependencies.swift; sourceTree = "<group>"; };
		4ACA71E023226454001E8D44 /* CatalogueItem.swift */ = {isa = PBXFileReference; lastKnownFileType = sourcecode.swift; path = CatalogueItem.swift; sourceTree = "<group>"; };
		4ACA71E32322661A001E8D44 /* ActionDelegate.swift */ = {isa = PBXFileReference; lastKnownFileType = sourcecode.swift; path = ActionDelegate.swift; sourceTree = "<group>"; };
		4ACA71E523226674001E8D44 /* NetworkLayer.swift */ = {isa = PBXFileReference; lastKnownFileType = sourcecode.swift; path = NetworkLayer.swift; sourceTree = "<group>"; };
		4ACA71E8232267DE001E8D44 /* Coding.swift */ = {isa = PBXFileReference; lastKnownFileType = sourcecode.swift; path = Coding.swift; sourceTree = "<group>"; };
		4ACA72412322847D001E8D44 /* StringExtensions.swift */ = {isa = PBXFileReference; lastKnownFileType = sourcecode.swift; path = StringExtensions.swift; sourceTree = "<group>"; };
		4ACA724423229827001E8D44 /* StringExtensionsTests.swift */ = {isa = PBXFileReference; lastKnownFileType = sourcecode.swift; path = StringExtensionsTests.swift; sourceTree = "<group>"; };
		4ACA72472322A938001E8D44 /* CatalogueCollectionViewCell.swift */ = {isa = PBXFileReference; lastKnownFileType = sourcecode.swift; path = CatalogueCollectionViewCell.swift; sourceTree = "<group>"; };
		4ACA72492322A959001E8D44 /* UICollectionViewExtensions.swift */ = {isa = PBXFileReference; lastKnownFileType = sourcecode.swift; path = UICollectionViewExtensions.swift; sourceTree = "<group>"; };
		4ACA72A22322AA26001E8D44 /* CatalogueCollectionViewCell.xib */ = {isa = PBXFileReference; lastKnownFileType = file.xib; path = CatalogueCollectionViewCell.xib; sourceTree = "<group>"; };
/* End PBXFileReference section */

/* Begin PBXFrameworksBuildPhase section */
		4ACA71AE232252CD001E8D44 /* Frameworks */ = {
			isa = PBXFrameworksBuildPhase;
			buildActionMask = 2147483647;
			files = (
			);
			runOnlyForDeploymentPostprocessing = 0;
		};
		4ACA71C2232252CE001E8D44 /* Frameworks */ = {
			isa = PBXFrameworksBuildPhase;
			buildActionMask = 2147483647;
			files = (
			);
			runOnlyForDeploymentPostprocessing = 0;
		};
/* End PBXFrameworksBuildPhase section */

/* Begin PBXGroup section */
		4A313EB12323EC5000967092 /* Languages */ = {
			isa = PBXGroup;
			children = (
				4A313F222323FD2200967092 /* Localizable.strings */,
			);
			path = Languages;
			sourceTree = "<group>";
		};
		4A4D164223251566000D0201 /* CatalogueView */ = {
			isa = PBXGroup;
			children = (
				4A4D16432325157A000D0201 /* CataloueViewModelTests.swift */,
				4A313F28232401A800967092 /* CatalogueViewControllerTests.swift */,
			);
			path = CatalogueView;
			sourceTree = "<group>";
		};
		4A4D169C232516E4000D0201 /* Helpers */ = {
			isa = PBXGroup;
			children = (
				4A4D169F232516FC000D0201 /* Mocks */,
				4A4D169D232516F1000D0201 /* DependenciesHelper.swift */,
				4A4D16A723251871000D0201 /* TestBundle.swift */,
			);
			path = Helpers;
			sourceTree = "<group>";
		};
		4A4D169F232516FC000D0201 /* Mocks */ = {
			isa = PBXGroup;
			children = (
				4A4D16A023251704000D0201 /* MockActionDelegate.swift */,
				4A4D16AB23251871000D0201 /* MockDispatcher.swift */,
				4AA12AED2323DF0E00FC85AF /* MockURLSession.swift */,
				4A313F2E23240D1400967092 /* MockStorage.swift */,
			);
			path = Mocks;
			sourceTree = "<group>";
		};
		4A4D16A42325185B000D0201 /* TestData */ = {
			isa = PBXGroup;
			children = (
				4A4D16A523251871000D0201 /* validCatalogueItems.json */,
			);
			path = TestData;
			sourceTree = "<group>";
		};
		4ACA71A8232252CD001E8D44 = {
			isa = PBXGroup;
			children = (
				4ACA71B3232252CD001E8D44 /* Yoox */,
				4ACA71C8232252CE001E8D44 /* YooxTests */,
				4ACA71B2232252CD001E8D44 /* Products */,
			);
			sourceTree = "<group>";
		};
		4ACA71B2232252CD001E8D44 /* Products */ = {
			isa = PBXGroup;
			children = (
				4ACA71B1232252CD001E8D44 /* Yoox.app */,
				4ACA71C5232252CE001E8D44 /* YooxTests.xctest */,
			);
			name = Products;
			sourceTree = "<group>";
		};
		4ACA71B3232252CD001E8D44 /* Yoox */ = {
			isa = PBXGroup;
			children = (
				4ACA71E72322678B001E8D44 /* Extensions */,
				4ACA71E223226533001E8D44 /* Services */,
				4ACA71DC23226287001E8D44 /* Dependencies */,
				4ACA71D92322626E001E8D44 /* Protocols */,
				4ACA71D623225310001E8D44 /* Resources */,
				4ACA71D523225303001E8D44 /* Supporting Files */,
				4ACA71D4232252E0001E8D44 /* CatalogueView */,
				4ACA71B8232252CD001E8D44 /* Main.storyboard */,
			);
			path = Yoox;
			sourceTree = "<group>";
		};
		4ACA71C8232252CE001E8D44 /* YooxTests */ = {
			isa = PBXGroup;
			children = (
				4A4D16A42325185B000D0201 /* TestData */,
				4A4D169C232516E4000D0201 /* Helpers */,
				4A4D164223251566000D0201 /* CatalogueView */,
				4ACA724323229811001E8D44 /* ExtensionTests */,
				4ACA71CB232252CE001E8D44 /* Info.plist */,
			);
			path = YooxTests;
			sourceTree = "<group>";
		};
		4ACA71D4232252E0001E8D44 /* CatalogueView */ = {
			isa = PBXGroup;
			children = (
				4ACA72462322A92A001E8D44 /* Views */,
				4ACA71DF23226448001E8D44 /* Model */,
				4ACA71B6232252CD001E8D44 /* CatalogueViewController.swift */,
				4ACA71D72322625D001E8D44 /* CatalogueViewModel.swift */,
			);
			path = CatalogueView;
			sourceTree = "<group>";
		};
		4ACA71D523225303001E8D44 /* Supporting Files */ = {
			isa = PBXGroup;
			children = (
				4ACA71C0232252CE001E8D44 /* Info.plist */,
				4ACA71BD232252CE001E8D44 /* LaunchScreen.storyboard */,
				4ACA71B4232252CD001E8D44 /* AppDelegate.swift */,
				4A4D16AD23251871000D0201 /* main.swift */,
				4A4D16AF23251871000D0201 /* TestAppDelegate.swift */,
			);
			path = "Supporting Files";
			sourceTree = "<group>";
		};
		4ACA71D623225310001E8D44 /* Resources */ = {
			isa = PBXGroup;
			children = (
				4A313EB12323EC5000967092 /* Languages */,
				4ACA71BB232252CE001E8D44 /* Assets.xcassets */,
			);
			path = Resources;
			sourceTree = "<group>";
		};
		4ACA71D92322626E001E8D44 /* Protocols */ = {
			isa = PBXGroup;
			children = (
				4ACA71DA23226277001E8D44 /* ViewModel.swift */,
				4ACA71E32322661A001E8D44 /* ActionDelegate.swift */,
				4A4D16A923251871000D0201 /* Dispatching.swift */,
				4A313F2A2324096200967092 /* Storage.swift */,
			);
			path = Protocols;
			sourceTree = "<group>";
		};
		4ACA71DC23226287001E8D44 /* Dependencies */ = {
			isa = PBXGroup;
			children = (
				4ACA71DD2322628F001E8D44 /* Dependencies.swift */,
			);
			path = Dependencies;
			sourceTree = "<group>";
		};
		4ACA71DF23226448001E8D44 /* Model */ = {
			isa = PBXGroup;
			children = (
				4ACA71E023226454001E8D44 /* CatalogueItem.swift */,
			);
			path = Model;
			sourceTree = "<group>";
		};
		4ACA71E223226533001E8D44 /* Services */ = {
			isa = PBXGroup;
			children = (
				4ACA71E523226674001E8D44 /* NetworkLayer.swift */,
			);
			path = Services;
			sourceTree = "<group>";
		};
		4ACA71E72322678B001E8D44 /* Extensions */ = {
			isa = PBXGroup;
			children = (
				4ACA71E8232267DE001E8D44 /* Coding.swift */,
				4ACA72412322847D001E8D44 /* StringExtensions.swift */,
				4ACA72492322A959001E8D44 /* UICollectionViewExtensions.swift */,
			);
			path = Extensions;
			sourceTree = "<group>";
		};
		4ACA724323229811001E8D44 /* ExtensionTests */ = {
			isa = PBXGroup;
			children = (
				4ACA724423229827001E8D44 /* StringExtensionsTests.swift */,
			);
			path = ExtensionTests;
			sourceTree = "<group>";
		};
		4ACA72462322A92A001E8D44 /* Views */ = {
			isa = PBXGroup;
			children = (
				4ACA72472322A938001E8D44 /* CatalogueCollectionViewCell.swift */,
				4ACA72A22322AA26001E8D44 /* CatalogueCollectionViewCell.xib */,
			);
			path = Views;
			sourceTree = "<group>";
		};
/* End PBXGroup section */

/* Begin PBXNativeTarget section */
		4ACA71B0232252CD001E8D44 /* Yoox */ = {
			isa = PBXNativeTarget;
			buildConfigurationList = 4ACA71CE232252CE001E8D44 /* Build configuration list for PBXNativeTarget "Yoox" */;
			buildPhases = (
				4ACA71AD232252CD001E8D44 /* Sources */,
				4ACA71AE232252CD001E8D44 /* Frameworks */,
				4ACA71AF232252CD001E8D44 /* Resources */,
			);
			buildRules = (
			);
			dependencies = (
			);
			name = Yoox;
			productName = Yoox;
			productReference = 4ACA71B1232252CD001E8D44 /* Yoox.app */;
			productType = "com.apple.product-type.application";
		};
		4ACA71C4232252CE001E8D44 /* YooxTests */ = {
			isa = PBXNativeTarget;
			buildConfigurationList = 4ACA71D1232252CE001E8D44 /* Build configuration list for PBXNativeTarget "YooxTests" */;
			buildPhases = (
				4ACA71C1232252CE001E8D44 /* Sources */,
				4ACA71C2232252CE001E8D44 /* Frameworks */,
				4ACA71C3232252CE001E8D44 /* Resources */,
			);
			buildRules = (
			);
			dependencies = (
				4ACA71C7232252CE001E8D44 /* PBXTargetDependency */,
			);
			name = YooxTests;
			productName = YooxTests;
			productReference = 4ACA71C5232252CE001E8D44 /* YooxTests.xctest */;
			productType = "com.apple.product-type.bundle.unit-test";
		};
/* End PBXNativeTarget section */

/* Begin PBXProject section */
		4ACA71A9232252CD001E8D44 /* Project object */ = {
			isa = PBXProject;
			attributes = {
				LastSwiftUpdateCheck = 1020;
				LastUpgradeCheck = 1020;
				ORGANIZATIONNAME = "Aurelien Cobb";
				TargetAttributes = {
					4ACA71B0232252CD001E8D44 = {
						CreatedOnToolsVersion = 10.2.1;
					};
					4ACA71C4232252CE001E8D44 = {
						CreatedOnToolsVersion = 10.2.1;
						TestTargetID = 4ACA71B0232252CD001E8D44;
					};
				};
			};
			buildConfigurationList = 4ACA71AC232252CD001E8D44 /* Build configuration list for PBXProject "Yoox" */;
			compatibilityVersion = "Xcode 9.3";
			developmentRegion = en;
			hasScannedForEncodings = 0;
			knownRegions = (
				en,
				Base,
				de,
			);
			mainGroup = 4ACA71A8232252CD001E8D44;
			productRefGroup = 4ACA71B2232252CD001E8D44 /* Products */;
			projectDirPath = "";
			projectRoot = "";
			targets = (
				4ACA71B0232252CD001E8D44 /* Yoox */,
				4ACA71C4232252CE001E8D44 /* YooxTests */,
			);
		};
/* End PBXProject section */

/* Begin PBXResourcesBuildPhase section */
		4ACA71AF232252CD001E8D44 /* Resources */ = {
			isa = PBXResourcesBuildPhase;
			buildActionMask = 2147483647;
			files = (
				4A313F202323FD2200967092 /* Localizable.strings in Resources */,
				4ACA72A32322AA26001E8D44 /* CatalogueCollectionViewCell.xib in Resources */,
				4ACA71BF232252CE001E8D44 /* LaunchScreen.storyboard in Resources */,
				4ACA71BC232252CE001E8D44 /* Assets.xcassets in Resources */,
				4ACA71BA232252CD001E8D44 /* Main.storyboard in Resources */,
			);
			runOnlyForDeploymentPostprocessing = 0;
		};
		4ACA71C3232252CE001E8D44 /* Resources */ = {
			isa = PBXResourcesBuildPhase;
			buildActionMask = 2147483647;
			files = (
				4A4D16A623251871000D0201 /* validCatalogueItems.json in Resources */,
			);
			runOnlyForDeploymentPostprocessing = 0;
		};
/* End PBXResourcesBuildPhase section */

/* Begin PBXSourcesBuildPhase section */
		4ACA71AD232252CD001E8D44 /* Sources */ = {
			isa = PBXSourcesBuildPhase;
			buildActionMask = 2147483647;
			files = (
				4ACA71E123226454001E8D44 /* CatalogueItem.swift in Sources */,
				4A4D16AA23251871000D0201 /* Dispatching.swift in Sources */,
				4ACA71E42322661A001E8D44 /* ActionDelegate.swift in Sources */,
				4ACA72422322847D001E8D44 /* StringExtensions.swift in Sources */,
				4ACA71D82322625D001E8D44 /* CatalogueViewModel.swift in Sources */,
				4A313F2B2324096200967092 /* Storage.swift in Sources */,
				4ACA724A2322A959001E8D44 /* UICollectionViewExtensions.swift in Sources */,
				4ACA71E9232267DE001E8D44 /* Coding.swift in Sources */,
				4ACA71B7232252CD001E8D44 /* CatalogueViewController.swift in Sources */,
				4A4D16AE23251871000D0201 /* main.swift in Sources */,
				4ACA71DB23226277001E8D44 /* ViewModel.swift in Sources */,
				4ACA71DE2322628F001E8D44 /* Dependencies.swift in Sources */,
				4A4D16B023251871000D0201 /* TestAppDelegate.swift in Sources */,
				4ACA71B5232252CD001E8D44 /* AppDelegate.swift in Sources */,
				4ACA71E623226674001E8D44 /* NetworkLayer.swift in Sources */,
				4ACA72482322A938001E8D44 /* CatalogueCollectionViewCell.swift in Sources */,
			);
			runOnlyForDeploymentPostprocessing = 0;
		};
		4ACA71C1232252CE001E8D44 /* Sources */ = {
			isa = PBXSourcesBuildPhase;
			buildActionMask = 2147483647;
			files = (
				4AA12AEE2323DF0E00FC85AF /* MockURLSession.swift in Sources */,
				4A4D16442325157A000D0201 /* CataloueViewModelTests.swift in Sources */,
				4ACA724523229827001E8D44 /* StringExtensionsTests.swift in Sources */,
				4A313F2F23240D1400967092 /* MockStorage.swift in Sources */,
				4A4D16A823251871000D0201 /* TestBundle.swift in Sources */,
				4A313F29232401A800967092 /* CatalogueViewControllerTests.swift in Sources */,
				4A4D16A123251704000D0201 /* MockActionDelegate.swift in Sources */,
				4A4D16AC23251871000D0201 /* MockDispatcher.swift in Sources */,
				4A4D169E232516F1000D0201 /* DependenciesHelper.swift in Sources */,
			);
			runOnlyForDeploymentPostprocessing = 0;
		};
/* End PBXSourcesBuildPhase section */

/* Begin PBXTargetDependency section */
		4ACA71C7232252CE001E8D44 /* PBXTargetDependency */ = {
			isa = PBXTargetDependency;
			target = 4ACA71B0232252CD001E8D44 /* Yoox */;
			targetProxy = 4ACA71C6232252CE001E8D44 /* PBXContainerItemProxy */;
		};
/* End PBXTargetDependency section */

/* Begin PBXVariantGroup section */
		4A313F222323FD2200967092 /* Localizable.strings */ = {
			isa = PBXVariantGroup;
			children = (
				4A313F252323FD9300967092 /* de */,
				4A313F272323FDB900967092 /* en */,
			);
			name = Localizable.strings;
			sourceTree = "<group>";
		};
		4ACA71B8232252CD001E8D44 /* Main.storyboard */ = {
			isa = PBXVariantGroup;
			children = (
				4ACA71B9232252CD001E8D44 /* Base */,
				4A313EBA2323EC9F00967092 /* de */,
			);
			name = Main.storyboard;
			sourceTree = "<group>";
		};
		4ACA71BD232252CE001E8D44 /* LaunchScreen.storyboard */ = {
			isa = PBXVariantGroup;
			children = (
				4ACA71BE232252CE001E8D44 /* Base */,
				4A313EB92323EC9F00967092 /* de */,
			);
			name = LaunchScreen.storyboard;
			sourceTree = "<group>";
		};
/* End PBXVariantGroup section */

/* Begin XCBuildConfiguration section */
		4ACA71CC232252CE001E8D44 /* Debug */ = {
			isa = XCBuildConfiguration;
			buildSettings = {
				ALWAYS_SEARCH_USER_PATHS = NO;
				CLANG_ANALYZER_LOCALIZABILITY_NONLOCALIZED = YES;
				CLANG_ANALYZER_NONNULL = YES;
				CLANG_ANALYZER_NUMBER_OBJECT_CONVERSION = YES_AGGRESSIVE;
				CLANG_CXX_LANGUAGE_STANDARD = "gnu++14";
				CLANG_CXX_LIBRARY = "libc++";
				CLANG_ENABLE_MODULES = YES;
				CLANG_ENABLE_OBJC_ARC = YES;
				CLANG_ENABLE_OBJC_WEAK = YES;
				CLANG_WARN_BLOCK_CAPTURE_AUTORELEASING = YES;
				CLANG_WARN_BOOL_CONVERSION = YES;
				CLANG_WARN_COMMA = YES;
				CLANG_WARN_CONSTANT_CONVERSION = YES;
				CLANG_WARN_DEPRECATED_OBJC_IMPLEMENTATIONS = YES;
				CLANG_WARN_DIRECT_OBJC_ISA_USAGE = YES_ERROR;
				CLANG_WARN_DOCUMENTATION_COMMENTS = YES;
				CLANG_WARN_EMPTY_BODY = YES;
				CLANG_WARN_ENUM_CONVERSION = YES;
				CLANG_WARN_INFINITE_RECURSION = YES;
				CLANG_WARN_INT_CONVERSION = YES;
				CLANG_WARN_NON_LITERAL_NULL_CONVERSION = YES;
				CLANG_WARN_OBJC_IMPLICIT_RETAIN_SELF = YES;
				CLANG_WARN_OBJC_LITERAL_CONVERSION = YES;
				CLANG_WARN_OBJC_ROOT_CLASS = YES_ERROR;
				CLANG_WARN_RANGE_LOOP_ANALYSIS = YES;
				CLANG_WARN_STRICT_PROTOTYPES = YES;
				CLANG_WARN_SUSPICIOUS_MOVE = YES;
				CLANG_WARN_UNGUARDED_AVAILABILITY = YES_AGGRESSIVE;
				CLANG_WARN_UNREACHABLE_CODE = YES;
				CLANG_WARN__DUPLICATE_METHOD_MATCH = YES;
				CODE_SIGN_IDENTITY = "iPhone Developer";
				COPY_PHASE_STRIP = NO;
				DEBUG_INFORMATION_FORMAT = dwarf;
				ENABLE_STRICT_OBJC_MSGSEND = YES;
				ENABLE_TESTABILITY = YES;
				GCC_C_LANGUAGE_STANDARD = gnu11;
				GCC_DYNAMIC_NO_PIC = NO;
				GCC_NO_COMMON_BLOCKS = YES;
				GCC_OPTIMIZATION_LEVEL = 0;
				GCC_PREPROCESSOR_DEFINITIONS = (
					"DEBUG=1",
					"$(inherited)",
				);
				GCC_WARN_64_TO_32_BIT_CONVERSION = YES;
				GCC_WARN_ABOUT_RETURN_TYPE = YES_ERROR;
				GCC_WARN_UNDECLARED_SELECTOR = YES;
				GCC_WARN_UNINITIALIZED_AUTOS = YES_AGGRESSIVE;
				GCC_WARN_UNUSED_FUNCTION = YES;
				GCC_WARN_UNUSED_VARIABLE = YES;
				IPHONEOS_DEPLOYMENT_TARGET = 11.0;
				MTL_ENABLE_DEBUG_INFO = INCLUDE_SOURCE;
				MTL_FAST_MATH = YES;
				ONLY_ACTIVE_ARCH = YES;
				SDKROOT = iphoneos;
				SWIFT_ACTIVE_COMPILATION_CONDITIONS = DEBUG;
				SWIFT_OPTIMIZATION_LEVEL = "-Onone";
			};
			name = Debug;
		};
		4ACA71CD232252CE001E8D44 /* Release */ = {
			isa = XCBuildConfiguration;
			buildSettings = {
				ALWAYS_SEARCH_USER_PATHS = NO;
				CLANG_ANALYZER_LOCALIZABILITY_NONLOCALIZED = YES;
				CLANG_ANALYZER_NONNULL = YES;
				CLANG_ANALYZER_NUMBER_OBJECT_CONVERSION = YES_AGGRESSIVE;
				CLANG_CXX_LANGUAGE_STANDARD = "gnu++14";
				CLANG_CXX_LIBRARY = "libc++";
				CLANG_ENABLE_MODULES = YES;
				CLANG_ENABLE_OBJC_ARC = YES;
				CLANG_ENABLE_OBJC_WEAK = YES;
				CLANG_WARN_BLOCK_CAPTURE_AUTORELEASING = YES;
				CLANG_WARN_BOOL_CONVERSION = YES;
				CLANG_WARN_COMMA = YES;
				CLANG_WARN_CONSTANT_CONVERSION = YES;
				CLANG_WARN_DEPRECATED_OBJC_IMPLEMENTATIONS = YES;
				CLANG_WARN_DIRECT_OBJC_ISA_USAGE = YES_ERROR;
				CLANG_WARN_DOCUMENTATION_COMMENTS = YES;
				CLANG_WARN_EMPTY_BODY = YES;
				CLANG_WARN_ENUM_CONVERSION = YES;
				CLANG_WARN_INFINITE_RECURSION = YES;
				CLANG_WARN_INT_CONVERSION = YES;
				CLANG_WARN_NON_LITERAL_NULL_CONVERSION = YES;
				CLANG_WARN_OBJC_IMPLICIT_RETAIN_SELF = YES;
				CLANG_WARN_OBJC_LITERAL_CONVERSION = YES;
				CLANG_WARN_OBJC_ROOT_CLASS = YES_ERROR;
				CLANG_WARN_RANGE_LOOP_ANALYSIS = YES;
				CLANG_WARN_STRICT_PROTOTYPES = YES;
				CLANG_WARN_SUSPICIOUS_MOVE = YES;
				CLANG_WARN_UNGUARDED_AVAILABILITY = YES_AGGRESSIVE;
				CLANG_WARN_UNREACHABLE_CODE = YES;
				CLANG_WARN__DUPLICATE_METHOD_MATCH = YES;
				CODE_SIGN_IDENTITY = "iPhone Developer";
				COPY_PHASE_STRIP = NO;
				DEBUG_INFORMATION_FORMAT = "dwarf-with-dsym";
				ENABLE_NS_ASSERTIONS = NO;
				ENABLE_STRICT_OBJC_MSGSEND = YES;
				GCC_C_LANGUAGE_STANDARD = gnu11;
				GCC_NO_COMMON_BLOCKS = YES;
				GCC_WARN_64_TO_32_BIT_CONVERSION = YES;
				GCC_WARN_ABOUT_RETURN_TYPE = YES_ERROR;
				GCC_WARN_UNDECLARED_SELECTOR = YES;
				GCC_WARN_UNINITIALIZED_AUTOS = YES_AGGRESSIVE;
				GCC_WARN_UNUSED_FUNCTION = YES;
				GCC_WARN_UNUSED_VARIABLE = YES;
				IPHONEOS_DEPLOYMENT_TARGET = 11.0;
				MTL_ENABLE_DEBUG_INFO = NO;
				MTL_FAST_MATH = YES;
				SDKROOT = iphoneos;
				SWIFT_COMPILATION_MODE = wholemodule;
				SWIFT_OPTIMIZATION_LEVEL = "-O";
				VALIDATE_PRODUCT = YES;
			};
			name = Release;
		};
		4ACA71CF232252CE001E8D44 /* Debug */ = {
			isa = XCBuildConfiguration;
			buildSettings = {
				ASSETCATALOG_COMPILER_APPICON_NAME = AppIcon;
				CODE_SIGN_STYLE = Automatic;
				DEVELOPMENT_TEAM = XE44BTFY6X;
				INFOPLIST_FILE = "$(SRCROOT)/Yoox/Supporting Files/Info.plist";
				LD_RUNPATH_SEARCH_PATHS = (
					"$(inherited)",
					"@executable_path/Frameworks",
				);
				PRODUCT_BUNDLE_IDENTIFIER = com.aecobb.Yoox;
				PRODUCT_NAME = "$(TARGET_NAME)";
				SWIFT_VERSION = 5.0;
				TARGETED_DEVICE_FAMILY = "1,2";
			};
			name = Debug;
		};
		4ACA71D0232252CE001E8D44 /* Release */ = {
			isa = XCBuildConfiguration;
			buildSettings = {
				ASSETCATALOG_COMPILER_APPICON_NAME = AppIcon;
				CODE_SIGN_STYLE = Automatic;
				DEVELOPMENT_TEAM = XE44BTFY6X;
				INFOPLIST_FILE = "$(SRCROOT)/Yoox/Supporting Files/Info.plist";
				LD_RUNPATH_SEARCH_PATHS = (
					"$(inherited)",
					"@executable_path/Frameworks",
				);
				PRODUCT_BUNDLE_IDENTIFIER = com.aecobb.Yoox;
				PRODUCT_NAME = "$(TARGET_NAME)";
				SWIFT_VERSION = 5.0;
				TARGETED_DEVICE_FAMILY = "1,2";
			};
			name = Release;
		};
		4ACA71D2232252CE001E8D44 /* Debug */ = {
			isa = XCBuildConfiguration;
			buildSettings = {
				ALWAYS_EMBED_SWIFT_STANDARD_LIBRARIES = YES;
				BUNDLE_LOADER = "$(TEST_HOST)";
				CODE_SIGN_STYLE = Automatic;
				DEVELOPMENT_TEAM = XE44BTFY6X;
				INFOPLIST_FILE = YooxTests/Info.plist;
				LD_RUNPATH_SEARCH_PATHS = (
					"$(inherited)",
					"@executable_path/Frameworks",
					"@loader_path/Frameworks",
				);
				PRODUCT_BUNDLE_IDENTIFIER = com.aecobb.YooxTests;
				PRODUCT_NAME = "$(TARGET_NAME)";
				SWIFT_VERSION = 5.0;
				TARGETED_DEVICE_FAMILY = "1,2";
				TEST_HOST = "$(BUILT_PRODUCTS_DIR)/Yoox.app/Yoox";
			};
			name = Debug;
		};
		4ACA71D3232252CE001E8D44 /* Release */ = {
			isa = XCBuildConfiguration;
			buildSettings = {
				ALWAYS_EMBED_SWIFT_STANDARD_LIBRARIES = YES;
				BUNDLE_LOADER = "$(TEST_HOST)";
				CODE_SIGN_STYLE = Automatic;
				DEVELOPMENT_TEAM = XE44BTFY6X;
				INFOPLIST_FILE = YooxTests/Info.plist;
				LD_RUNPATH_SEARCH_PATHS = (
					"$(inherited)",
					"@executable_path/Frameworks",
					"@loader_path/Frameworks",
				);
				PRODUCT_BUNDLE_IDENTIFIER = com.aecobb.YooxTests;
				PRODUCT_NAME = "$(TARGET_NAME)";
				SWIFT_VERSION = 5.0;
				TARGETED_DEVICE_FAMILY = "1,2";
				TEST_HOST = "$(BUILT_PRODUCTS_DIR)/Yoox.app/Yoox";
			};
			name = Release;
		};
/* End XCBuildConfiguration section */

/* Begin XCConfigurationList section */
		4ACA71AC232252CD001E8D44 /* Build configuration list for PBXProject "Yoox" */ = {
			isa = XCConfigurationList;
			buildConfigurations = (
				4ACA71CC232252CE001E8D44 /* Debug */,
				4ACA71CD232252CE001E8D44 /* Release */,
			);
			defaultConfigurationIsVisible = 0;
			defaultConfigurationName = Release;
		};
		4ACA71CE232252CE001E8D44 /* Build configuration list for PBXNativeTarget "Yoox" */ = {
			isa = XCConfigurationList;
			buildConfigurations = (
				4ACA71CF232252CE001E8D44 /* Debug */,
				4ACA71D0232252CE001E8D44 /* Release */,
			);
			defaultConfigurationIsVisible = 0;
			defaultConfigurationName = Release;
		};
		4ACA71D1232252CE001E8D44 /* Build configuration list for PBXNativeTarget "YooxTests" */ = {
			isa = XCConfigurationList;
			buildConfigurations = (
				4ACA71D2232252CE001E8D44 /* Debug */,
				4ACA71D3232252CE001E8D44 /* Release */,
			);
			defaultConfigurationIsVisible = 0;
			defaultConfigurationName = Release;
		};
/* End XCConfigurationList section */
	};
	rootObject = 4ACA71A9232252CD001E8D44 /* Project object */;
}
